
Microsoft Visual Studio Solution File, Format Version 12.00
Project("{FAE04EC0-301F-11D3-BF4B-00C04F79EFBC}") = "Enjoyer.DamageableObjects", "Enjoyer.DamageableObjects\Enjoyer.DamageableObjects.csproj", "{D2018C81-0B4F-4103-9932-3459CD2300AE}"
EndProject
Global
	GlobalSection(SolutionConfigurationPlatforms) = preSolution
		MER|Any CPU = MER|Any CPU
		Default|Any CPU = Default|Any CPU
	EndGlobalSection
	GlobalSection(ProjectConfigurationPlatforms) = postSolution
		{D2018C81-0B4F-4103-9932-3459CD2300AE}.MER|Any CPU.ActiveCfg = MER|Any CPU
		{D2018C81-0B4F-4103-9932-3459CD2300AE}.MER|Any CPU.Build.0 = MER|Any CPU
		{D2018C81-0B4F-4103-9932-3459CD2300AE}.Default|Any CPU.ActiveCfg = Default|Any CPU
		{D2018C81-0B4F-4103-9932-3459CD2300AE}.Default|Any CPU.Build.0 = Default|Any CPU
	EndGlobalSection
EndGlobal
